{
  "version": "5",
  "specifiers": {
    "jsr:@ggpwnkthx/generic-cli@*": "0.1.0",
    "jsr:@ggpwnkthx/generic-cli@0.1.2": "0.1.2",
    "jsr:@std/assert@0.224": "0.224.0",
    "jsr:@std/cli@*": "1.0.19",
    "jsr:@std/cli@1.0.19": "1.0.19",
    "jsr:@std/flags@0.224.0": "0.224.0",
    "jsr:@std/fmt@1.0.8": "1.0.8",
    "jsr:@std/fmt@^1.0.5": "1.0.8",
    "jsr:@std/fs@*": "1.0.18",
    "jsr:@std/fs@1.0.18": "1.0.18",
    "jsr:@std/fs@^1.0.11": "1.0.18",
    "jsr:@std/io@~0.225.2": "0.225.2",
    "jsr:@std/json@^1.0.2": "1.0.2",
    "jsr:@std/jsonc@*": "1.0.2",
    "jsr:@std/jsonc@1.0.2": "1.0.2",
    "jsr:@std/log@*": "0.224.14",
    "jsr:@std/log@0.224.14": "0.224.14",
    "jsr:@std/path@^1.1.0": "1.1.0",
    "jsr:@std/yaml@1.0.7": "1.0.7",
    "npm:@opentelemetry/api@1.9.0": "1.9.0",
    "npm:zod@*": "3.25.51",
    "npm:zod@3.25.51": "3.25.51"
  },
  "jsr": {
    "@ggpwnkthx/generic-cli@0.1.0": {
      "integrity": "f15ff346f0b11e1c3750afc652a54f10eaa31031ebbbdbc0d66fdd7b870f3046",
      "dependencies": [
        "jsr:@std/cli@1.0.19",
        "jsr:@std/fmt@1.0.8",
        "jsr:@std/fs@1.0.18",
        "jsr:@std/jsonc@1.0.2",
        "jsr:@std/yaml",
        "npm:@opentelemetry/api",
        "npm:zod@3.25.51"
      ]
    },
    "@ggpwnkthx/generic-cli@0.1.2": {
      "integrity": "35ad73db50650b4ac302fea36ac05aea3bd33004329ec59c288c11ee3152cb08",
      "dependencies": [
        "jsr:@std/cli@1.0.19",
        "jsr:@std/fmt@1.0.8",
        "jsr:@std/fs@1.0.18",
        "jsr:@std/jsonc@1.0.2",
        "jsr:@std/yaml",
        "npm:@opentelemetry/api"
      ]
    },
    "@std/assert@0.224.0": {
      "integrity": "8643233ec7aec38a940a8264a6e3eed9bfa44e7a71cc6b3c8874213ff401967f"
    },
    "@std/cli@1.0.19": {
      "integrity": "b3601a54891f89f3f738023af11960c4e6f7a45dc76cde39a6861124cba79e88"
    },
    "@std/flags@0.224.0": {
      "integrity": "d40eaf58c356b2e1313c6d4e62dc28b614aad2ddae6f5ff72a969e0b1f5ad689",
      "dependencies": [
        "jsr:@std/assert"
      ]
    },
    "@std/fmt@1.0.8": {
      "integrity": "71e1fc498787e4434d213647a6e43e794af4fd393ef8f52062246e06f7e372b7"
    },
    "@std/fs@1.0.18": {
      "integrity": "24bcad99eab1af4fde75e05da6e9ed0e0dce5edb71b7e34baacf86ffe3969f3a",
      "dependencies": [
        "jsr:@std/path"
      ]
    },
    "@std/io@0.225.2": {
      "integrity": "3c740cd4ee4c082e6cfc86458f47e2ab7cb353dc6234d5e9b1f91a2de5f4d6c7"
    },
    "@std/json@1.0.2": {
      "integrity": "d9e5497801c15fb679f55a2c01c7794ad7a5dfda4dd1bebab5e409cb5e0d34d4"
    },
    "@std/jsonc@1.0.2": {
      "integrity": "909605dae3af22bd75b1cbda8d64a32cf1fd2cf6efa3f9e224aba6d22c0f44c7",
      "dependencies": [
        "jsr:@std/json"
      ]
    },
    "@std/log@0.224.14": {
      "integrity": "257f7adceee3b53bb2bc86c7242e7d1bc59729e57d4981c4a7e5b876c808f05e",
      "dependencies": [
        "jsr:@std/fmt@^1.0.5",
        "jsr:@std/fs@^1.0.11",
        "jsr:@std/io"
      ]
    },
    "@std/path@1.1.0": {
      "integrity": "ddc94f8e3c275627281cbc23341df6b8bcc874d70374f75fec2533521e3d6886"
    },
    "@std/yaml@1.0.7": {
      "integrity": "b4b9f6a625a6827ca2b75a3d240558b5ffd8b9a29945ec7614871be7b711a10a"
    }
  },
  "npm": {
    "@opentelemetry/api@1.9.0": {
      "integrity": "sha512-3giAOQvZiH5F9bMlMiv8+GSPMeqg0dbaeo58/0SlA9sxSqZhnUtxzX9/2FzyhS9sWQf5S0GJE0AKBrFqjpeYcg=="
    },
    "zod@3.25.51": {
      "integrity": "sha512-TQSnBldh+XSGL+opiSIq0575wvDPqu09AqWe1F7JhUMKY+M91/aGlK4MhpVNO7MgYfHcVCB1ffwAUTJzllKJqg=="
    }
  },
  "workspace": {
    "dependencies": [
      "jsr:@ggpwnkthx/generic-cli@0.1.2"
    ]
  }
}
